{
  "name": "twentybots-fluxer",
  "lockfileVersion": 3,
  "requires": true,
  "packages": {
    "": {
      "dependencies": {
        "@fluxerjs/core": "^1.2.4",
        "dotenv": "^17.4.0"
      }
    },
    "node_modules/@fluxerjs/builders": {
      "version": "1.2.4",
      "resolved": "https://registry.npmjs.org/@fluxerjs/builders/-/builders-1.2.4.tgz",
      "integrity": "sha512-jWOL8QsmNGgFKlyi9pGfREZv6oQm8T+wcdF1U+0RyW75SXf8meRBfqtGA6EUd8pwoP9qQeU4O7IIwbALUxVZYQ==",
      "license": "Apache-2.0",
      "dependencies": {
        "@fluxerjs/types": "1.2.4",
        "@fluxerjs/util": "1.2.4"
      }
    },
    "node_modules/@fluxerjs/collection": {
      "version": "1.2.4",
      "resolved": "https://registry.npmjs.org/@fluxerjs/collection/-/collection-1.2.4.tgz",
      "integrity": "sha512-YXj+1yPBFdHRxSRIzWCYHqdynOOmjynmsLZGa1333chyYIn/hqEFjfQQi9nvNHN8EDJBjjH4OW+pF47K9XFALw==",
      "license": "Apache-2.0"
    },
    "node_modules/@fluxerjs/core": {
      "version": "1.2.4",
      "resolved": "https://registry.npmjs.org/@fluxerjs/core/-/core-1.2.4.tgz",
      "integrity": "sha512-LIKLaDxhSgyKxF4i8949+d5HgAh9YxtN+C3NCariTXE/1kIuvl8kCoLwdEINtIOzvOCz7OlO0pYXDm63Re36cw==",
      "license": "Apache-2.0",
      "dependencies": {
        "@fluxerjs/builders": "1.2.4",
        "@fluxerjs/collection": "1.2.4",
        "@fluxerjs/rest": "1.2.4",
        "@fluxerjs/types": "1.2.4",
        "@fluxerjs/util": "1.2.4",
        "@fluxerjs/ws": "1.2.4"
      },
      "engines": {
        "node": ">=18.0.0"
      }
    },
    "node_modules/@fluxerjs/rest": {
      "version": "1.2.4",
      "resolved": "https://registry.npmjs.org/@fluxerjs/rest/-/rest-1.2.4.tgz",
      "integrity": "sha512-9K9aFL0bbL8dgWUCYaiIQJBZyTtFD00iMl61V6fDlvCTFyidXh2NjvUQD7rdOSZTtb8xvWbvLXX+xtBUD9fbuA==",
      "license": "Apache-2.0",
      "dependencies": {
        "@fluxerjs/types": "1.2.4"
      }
    },
    "node_modules/@fluxerjs/types": {
      "version": "1.2.4",
      "resolved": "https://registry.npmjs.org/@fluxerjs/types/-/types-1.2.4.tgz",
      "integrity": "sha512-cGtN3WvcJn78kP3X5TFfVnbNYaRSNu05HFdSgUsYNrdNzulVxRuvUlCSlFD/xpZBaljQUBg04K6fCWqpWcGYEQ==",
      "license": "Apache-2.0"
    },
    "node_modules/@fluxerjs/util": {
      "version": "1.2.4",
      "resolved": "https://registry.npmjs.org/@fluxerjs/util/-/util-1.2.4.tgz",
      "integrity": "sha512-RSlMv77Zklr+kIP+ZZLdhP6ogTAuf9USUxdFP+6GafGQp+7wG7gStlMWrQ7JMVeUQwGd6AZlf5jr+v154RCH3Q==",
      "license": "Apache-2.0",
      "dependencies": {
        "@fluxerjs/types": "1.2.4"
      }
    },
    "node_modules/@fluxerjs/ws": {
      "version": "1.2.4",
      "resolved": "https://registry.npmjs.org/@fluxerjs/ws/-/ws-1.2.4.tgz",
      "integrity": "sha512-DBJjka7d2yuE+aaEoroOB3dSPCMNrOtWM5U1IAkgP8jLQCFkFuf98H+2geuYrPGto2++c6uW/1GKHI4U5bxJeQ==",
      "license": "Apache-2.0",
      "dependencies": {
        "@fluxerjs/types": "1.2.4",
        "ws": "^8.18.0"
      }
    },
    "node_modules/dotenv": {
      "version": "17.4.0",
      "resolved": "https://registry.npmjs.org/dotenv/-/dotenv-17.4.0.tgz",
      "integrity": "sha512-kCKF62fwtzwYm0IGBNjRUjtJgMfGapII+FslMHIjMR5KTnwEmBmWLDRSnc3XSNP8bNy34tekgQyDT0hr7pERRQ==",
      "license": "BSD-2-Clause",
      "engines": {
        "node": ">=12"
      },
      "funding": {
        "url": "https://dotenvx.com"
      }
    },
    "node_modules/ws": {
      "version": "8.20.0",
      "resolved": "https://registry.npmjs.org/ws/-/ws-8.20.0.tgz",
      "integrity": "sha512-sAt8BhgNbzCtgGbt2OxmpuryO63ZoDk/sqaB/znQm94T4fCEsy/yV+7CdC1kJhOU9lboAEU7R3kquuycDoibVA==",
      "license": "MIT",
      "engines": {
        "node": ">=10.0.0"
      },
      "peerDependencies": {
        "bufferutil": "^4.0.1",
        "utf-8-validate": ">=5.0.2"
      },
      "peerDependenciesMeta": {
        "bufferutil": {
          "optional": true
        },
        "utf-8-validate": {
          "optional": true
        }
      }
    }
  }
}
